// !$*UTF8*$!
{
	archiveVersion = 1;
	classes = {
	};
	objectVersion = 50;
	objects = {

/* Begin PBXBuildFile section */
		7004899C2563E752004967BE /* AddNewBlockController.swift in Sources */ = {isa = PBXBuildFile; fileRef = 705A01DC254343AF0055C15B /* AddNewBlockController.swift */; };
		7004899F2563E756004967BE /* ViewController.swift in Sources */ = {isa = PBXBuildFile; fileRef = 70E7B6E4251B9301005B8656 /* ViewController.swift */; };
		700489A22563E759004967BE /* Generation.swift in Sources */ = {isa = PBXBuildFile; fileRef = 705A01E925447E640055C15B /* Generation.swift */; };
		700489A52563E75B004967BE /* View.swift in Sources */ = {isa = PBXBuildFile; fileRef = 70D671D3255AA94B007E8A56 /* View.swift */; };
		700489A82563E762004967BE /* BlocksConfig.swift in Sources */ = {isa = PBXBuildFile; fileRef = 705A01E1254347340055C15B /* BlocksConfig.swift */; };
		700489AB2563E768004967BE /* StreamBlock.swift in Sources */ = {isa = PBXBuildFile; fileRef = 70F566BF254A1F900031F371 /* StreamBlock.swift */; };
		700489AE2563E76C004967BE /* CenterTextLayer.swift in Sources */ = {isa = PBXBuildFile; fileRef = 70F566C4254A28C40031F371 /* CenterTextLayer.swift */; };
		700489B12563E773004967BE /* AppDelegate.swift in Sources */ = {isa = PBXBuildFile; fileRef = 70E7B6E2251B9301005B8656 /* AppDelegate.swift */; };
		700489C425647D62004967BE /* test_file.pas in Sources */ = {isa = PBXBuildFile; fileRef = 700489C325647D62004967BE /* test_file.pas */; };
		700489C525647D62004967BE /* test_file.pas in Sources */ = {isa = PBXBuildFile; fileRef = 700489C325647D62004967BE /* test_file.pas */; };
		700489C825647E1D004967BE /* test_file.pas in Resources */ = {isa = PBXBuildFile; fileRef = 700489C325647D62004967BE /* test_file.pas */; };
		700489CB25647E3F004967BE /* test_file.pas in Resources */ = {isa = PBXBuildFile; fileRef = 700489C325647D62004967BE /* test_file.pas */; };
		700489CF256480C4004967BE /* test_file.btc in Resources */ = {isa = PBXBuildFile; fileRef = 700489CE256480C4004967BE /* test_file.btc */; };
		700489D0256480C4004967BE /* test_file.btc in Resources */ = {isa = PBXBuildFile; fileRef = 700489CE256480C4004967BE /* test_file.btc */; };
		7047DF7B25462413009005ED /* EditBlockProsessViewController.swift in Sources */ = {isa = PBXBuildFile; fileRef = 7047DF7925462413009005ED /* EditBlockProsessViewController.swift */; };
		7047DF7C25462413009005ED /* EditBlockProsessViewController.swift in Sources */ = {isa = PBXBuildFile; fileRef = 7047DF7925462413009005ED /* EditBlockProsessViewController.swift */; };
		70510FB725581E5D000BE887 /* EditBlockWhileViewController.swift in Sources */ = {isa = PBXBuildFile; fileRef = 70510FB625581E5D000BE887 /* EditBlockWhileViewController.swift */; };
		70510FB825581E5D000BE887 /* EditBlockWhileViewController.swift in Sources */ = {isa = PBXBuildFile; fileRef = 70510FB625581E5D000BE887 /* EditBlockWhileViewController.swift */; };
		70510FBE25594B9B000BE887 /* XML.swift in Sources */ = {isa = PBXBuildFile; fileRef = 70510FBD25594B9B000BE887 /* XML.swift */; };
		70510FBF25594B9B000BE887 /* XML.swift in Sources */ = {isa = PBXBuildFile; fileRef = 70510FBD25594B9B000BE887 /* XML.swift */; };
		70510FCC2559D6C3000BE887 /* XMLParserAlg.swift in Sources */ = {isa = PBXBuildFile; fileRef = 70510FCB2559D6C3000BE887 /* XMLParserAlg.swift */; };
		70510FCD2559D6C3000BE887 /* XMLParserAlg.swift in Sources */ = {isa = PBXBuildFile; fileRef = 70510FCB2559D6C3000BE887 /* XMLParserAlg.swift */; };
		70510FD62559D7A6000BE887 /* CreateXML.swift in Sources */ = {isa = PBXBuildFile; fileRef = 70510FD52559D7A6000BE887 /* CreateXML.swift */; };
		70510FD72559D7A6000BE887 /* CreateXML.swift in Sources */ = {isa = PBXBuildFile; fileRef = 70510FD52559D7A6000BE887 /* CreateXML.swift */; };
		705A01DD254343AF0055C15B /* AddNewBlockController.swift in Sources */ = {isa = PBXBuildFile; fileRef = 705A01DC254343AF0055C15B /* AddNewBlockController.swift */; };
		705A01E2254347340055C15B /* BlocksConfig.swift in Sources */ = {isa = PBXBuildFile; fileRef = 705A01E1254347340055C15B /* BlocksConfig.swift */; };
		705A01EA25447E640055C15B /* Generation.swift in Sources */ = {isa = PBXBuildFile; fileRef = 705A01E925447E640055C15B /* Generation.swift */; };
		705A01F12544A4890055C15B /* ProssesBlock.swift in Sources */ = {isa = PBXBuildFile; fileRef = 705A01F02544A4890055C15B /* ProssesBlock.swift */; };
		705A01F22544A4890055C15B /* ProssesBlock.swift in Sources */ = {isa = PBXBuildFile; fileRef = 705A01F02544A4890055C15B /* ProssesBlock.swift */; };
		705A01F82545B3700055C15B /* NewVarsController.swift in Sources */ = {isa = PBXBuildFile; fileRef = 705A01F72545B3700055C15B /* NewVarsController.swift */; };
		705A01F92545B3700055C15B /* NewVarsController.swift in Sources */ = {isa = PBXBuildFile; fileRef = 705A01F72545B3700055C15B /* NewVarsController.swift */; };
		705A02032545BA050055C15B /* VarType.swift in Sources */ = {isa = PBXBuildFile; fileRef = 705A02022545BA050055C15B /* VarType.swift */; };
		705A02042545BA050055C15B /* VarType.swift in Sources */ = {isa = PBXBuildFile; fileRef = 705A02022545BA050055C15B /* VarType.swift */; };
		705B17C625422B7A0091D0EA /* BaseBlock.swift in Sources */ = {isa = PBXBuildFile; fileRef = 705B17C525422B7A0091D0EA /* BaseBlock.swift */; };
		705B17C725422B7A0091D0EA /* BaseBlock.swift in Sources */ = {isa = PBXBuildFile; fileRef = 705B17C525422B7A0091D0EA /* BaseBlock.swift */; };
		705B17D025422D370091D0EA /* StartBlock.swift in Sources */ = {isa = PBXBuildFile; fileRef = 705B17CF25422D370091D0EA /* StartBlock.swift */; };
		705B17D125422D370091D0EA /* StartBlock.swift in Sources */ = {isa = PBXBuildFile; fileRef = 705B17CF25422D370091D0EA /* StartBlock.swift */; };
		705B17D7254235000091D0EA /* EndBlock.swift in Sources */ = {isa = PBXBuildFile; fileRef = 705B17D6254235000091D0EA /* EndBlock.swift */; };
		705B17D8254235000091D0EA /* EndBlock.swift in Sources */ = {isa = PBXBuildFile; fileRef = 705B17D6254235000091D0EA /* EndBlock.swift */; };
		705B17DF254235740091D0EA /* GenModelController.swift in Sources */ = {isa = PBXBuildFile; fileRef = 705B17DE254235740091D0EA /* GenModelController.swift */; };
		705B17E0254235740091D0EA /* GenModelController.swift in Sources */ = {isa = PBXBuildFile; fileRef = 705B17DE254235740091D0EA /* GenModelController.swift */; };
		705B17E9254249FC0091D0EA /* SaveFilePanel.swift in Sources */ = {isa = PBXBuildFile; fileRef = 705B17E8254249FC0091D0EA /* SaveFilePanel.swift */; };
		705B17EA254249FC0091D0EA /* SaveFilePanel.swift in Sources */ = {isa = PBXBuildFile; fileRef = 705B17E8254249FC0091D0EA /* SaveFilePanel.swift */; };
		705B17FA25424DC60091D0EA /* WorkFileMenu.swift in Sources */ = {isa = PBXBuildFile; fileRef = 705B17F925424DC60091D0EA /* WorkFileMenu.swift */; };
		705B17FB25424DC60091D0EA /* WorkFileMenu.swift in Sources */ = {isa = PBXBuildFile; fileRef = 705B17F925424DC60091D0EA /* WorkFileMenu.swift */; };
		70A28A7E255ABAE5003C46F5 /* EditProcedureViewController.swift in Sources */ = {isa = PBXBuildFile; fileRef = 70A28A7D255ABAE5003C46F5 /* EditProcedureViewController.swift */; };
		70A28A7F255ABAE5003C46F5 /* EditProcedureViewController.swift in Sources */ = {isa = PBXBuildFile; fileRef = 70A28A7D255ABAE5003C46F5 /* EditProcedureViewController.swift */; };
		70A28A88255BDDA1003C46F5 /* ForBlock.swift in Sources */ = {isa = PBXBuildFile; fileRef = 70A28A87255BDDA1003C46F5 /* ForBlock.swift */; };
		70A28A89255BDDA1003C46F5 /* ForBlock.swift in Sources */ = {isa = PBXBuildFile; fileRef = 70A28A87255BDDA1003C46F5 /* ForBlock.swift */; };
		70A28A8F255BE96A003C46F5 /* EditBlcokForViewController.swift in Sources */ = {isa = PBXBuildFile; fileRef = 70A28A8E255BE96A003C46F5 /* EditBlcokForViewController.swift */; };
		70A28A90255BE96A003C46F5 /* EditBlcokForViewController.swift in Sources */ = {isa = PBXBuildFile; fileRef = 70A28A8E255BE96A003C46F5 /* EditBlcokForViewController.swift */; };
		70BE94042559E65B00554B63 /* BranchingCell.swift in Sources */ = {isa = PBXBuildFile; fileRef = 70BE94032559E65B00554B63 /* BranchingCell.swift */; };
		70BE94052559E65B00554B63 /* BranchingCell.swift in Sources */ = {isa = PBXBuildFile; fileRef = 70BE94032559E65B00554B63 /* BranchingCell.swift */; };
		70D671D4255AA94B007E8A56 /* View.swift in Sources */ = {isa = PBXBuildFile; fileRef = 70D671D3255AA94B007E8A56 /* View.swift */; };
		70DB5169257CE92800F17942 /* GenerationPascal.swift in Sources */ = {isa = PBXBuildFile; fileRef = 70DB5168257CE92800F17942 /* GenerationPascal.swift */; };
		70DB516A257CE92800F17942 /* GenerationPascal.swift in Sources */ = {isa = PBXBuildFile; fileRef = 70DB5168257CE92800F17942 /* GenerationPascal.swift */; };
		70DB516E257CE99300F17942 /* Analyser.swift in Sources */ = {isa = PBXBuildFile; fileRef = 70DB516D257CE99300F17942 /* Analyser.swift */; };
		70DB516F257CE99300F17942 /* Analyser.swift in Sources */ = {isa = PBXBuildFile; fileRef = 70DB516D257CE99300F17942 /* Analyser.swift */; };
		70DB5173257CE9E300F17942 /* AnalyserPascal.swift in Sources */ = {isa = PBXBuildFile; fileRef = 70DB5172257CE9E300F17942 /* AnalyserPascal.swift */; };
		70DB5174257CE9E300F17942 /* AnalyserPascal.swift in Sources */ = {isa = PBXBuildFile; fileRef = 70DB5172257CE9E300F17942 /* AnalyserPascal.swift */; };
		70DB5178257D1B0300F17942 /* GenManager.swift in Sources */ = {isa = PBXBuildFile; fileRef = 70DB5177257D1B0300F17942 /* GenManager.swift */; };
		70DB5179257D1B0300F17942 /* GenManager.swift in Sources */ = {isa = PBXBuildFile; fileRef = 70DB5177257D1B0300F17942 /* GenManager.swift */; };
		70E7B6E3251B9301005B8656 /* AppDelegate.swift in Sources */ = {isa = PBXBuildFile; fileRef = 70E7B6E2251B9301005B8656 /* AppDelegate.swift */; };
		70E7B6E5251B9301005B8656 /* ViewController.swift in Sources */ = {isa = PBXBuildFile; fileRef = 70E7B6E4251B9301005B8656 /* ViewController.swift */; };
		70E7B6E7251B9302005B8656 /* Assets.xcassets in Resources */ = {isa = PBXBuildFile; fileRef = 70E7B6E6251B9302005B8656 /* Assets.xcassets */; };
		70E7B6EA251B9302005B8656 /* Main.storyboard in Resources */ = {isa = PBXBuildFile; fileRef = 70E7B6E8251B9302005B8656 /* Main.storyboard */; };
		70E7B6F6251B9302005B8656 /* CodeGeneratorTests.swift in Sources */ = {isa = PBXBuildFile; fileRef = 70E7B6F5251B9302005B8656 /* CodeGeneratorTests.swift */; };
		70F566C0254A1F900031F371 /* StreamBlock.swift in Sources */ = {isa = PBXBuildFile; fileRef = 70F566BF254A1F900031F371 /* StreamBlock.swift */; };
		70F566C5254A28C40031F371 /* CenterTextLayer.swift in Sources */ = {isa = PBXBuildFile; fileRef = 70F566C4254A28C40031F371 /* CenterTextLayer.swift */; };
		70F566D0254ACA2A0031F371 /* EditBlockStreamViewController.swift in Sources */ = {isa = PBXBuildFile; fileRef = 70F566CF254ACA2A0031F371 /* EditBlockStreamViewController.swift */; };
		70F566D1254ACA2A0031F371 /* EditBlockStreamViewController.swift in Sources */ = {isa = PBXBuildFile; fileRef = 70F566CF254ACA2A0031F371 /* EditBlockStreamViewController.swift */; };
		70F566D7254AEDD80031F371 /* Line.swift in Sources */ = {isa = PBXBuildFile; fileRef = 70F566D6254AEDD80031F371 /* Line.swift */; };
		70F566D8254AEDD80031F371 /* Line.swift in Sources */ = {isa = PBXBuildFile; fileRef = 70F566D6254AEDD80031F371 /* Line.swift */; };
		70F566E1254C6FFB0031F371 /* ReloadDataDelegate.swift in Sources */ = {isa = PBXBuildFile; fileRef = 70F566E0254C6FFB0031F371 /* ReloadDataDelegate.swift */; };
		70F566E2254C6FFB0031F371 /* ReloadDataDelegate.swift in Sources */ = {isa = PBXBuildFile; fileRef = 70F566E0254C6FFB0031F371 /* ReloadDataDelegate.swift */; };
		70F566EC254C85990031F371 /* BlockFactory.swift in Sources */ = {isa = PBXBuildFile; fileRef = 70F566EB254C85990031F371 /* BlockFactory.swift */; };
		70F566ED254C85990031F371 /* BlockFactory.swift in Sources */ = {isa = PBXBuildFile; fileRef = 70F566EB254C85990031F371 /* BlockFactory.swift */; };
		70F566F3254C89CD0031F371 /* SaveBlock.swift in Sources */ = {isa = PBXBuildFile; fileRef = 70F566F2254C89CD0031F371 /* SaveBlock.swift */; };
		70F566F4254C89CD0031F371 /* SaveBlock.swift in Sources */ = {isa = PBXBuildFile; fileRef = 70F566F2254C89CD0031F371 /* SaveBlock.swift */; };
		70F566FB254C8DAE0031F371 /* Alert.swift in Sources */ = {isa = PBXBuildFile; fileRef = 70F566FA254C8DAE0031F371 /* Alert.swift */; };
		70F566FC254C8DAE0031F371 /* Alert.swift in Sources */ = {isa = PBXBuildFile; fileRef = 70F566FA254C8DAE0031F371 /* Alert.swift */; };
		70F567052550B44C0031F371 /* IfBlock.swift in Sources */ = {isa = PBXBuildFile; fileRef = 70F567042550B44C0031F371 /* IfBlock.swift */; };
		70F567062550B44C0031F371 /* IfBlock.swift in Sources */ = {isa = PBXBuildFile; fileRef = 70F567042550B44C0031F371 /* IfBlock.swift */; };
		70F5670C25514C070031F371 /* EditIfBlockController.swift in Sources */ = {isa = PBXBuildFile; fileRef = 70F5670B25514C070031F371 /* EditIfBlockController.swift */; };
		70F5670D25514C070031F371 /* EditIfBlockController.swift in Sources */ = {isa = PBXBuildFile; fileRef = 70F5670B25514C070031F371 /* EditIfBlockController.swift */; };
		70F567132552F5BA0031F371 /* CellDelegate.swift in Sources */ = {isa = PBXBuildFile; fileRef = 70F567122552F5BA0031F371 /* CellDelegate.swift */; };
		70F567142552F5BA0031F371 /* CellDelegate.swift in Sources */ = {isa = PBXBuildFile; fileRef = 70F567122552F5BA0031F371 /* CellDelegate.swift */; };
/* End PBXBuildFile section */

/* Begin PBXContainerItemProxy section */
		70E7B6F2251B9302005B8656 /* PBXContainerItemProxy */ = {
			isa = PBXContainerItemProxy;
			containerPortal = 70E7B6D7251B9301005B8656 /* Project object */;
			proxyType = 1;
			remoteGlobalIDString = 70E7B6DE251B9301005B8656;
			remoteInfo = CodeGenerator;
		};
/* End PBXContainerItemProxy section */

/* Begin PBXFileReference section */
		700489C325647D62004967BE /* test_file.pas */ = {isa = PBXFileReference; fileEncoding = 4; lastKnownFileType = sourcecode.pascal; path = test_file.pas; sourceTree = "<group>"; };
		700489CE256480C4004967BE /* test_file.btc */ = {isa = PBXFileReference; fileEncoding = 4; lastKnownFileType = text; path = test_file.btc; sourceTree = "<group>"; };
		7047DF7925462413009005ED /* EditBlockProsessViewController.swift */ = {isa = PBXFileReference; lastKnownFileType = sourcecode.swift; path = EditBlockProsessViewController.swift; sourceTree = "<group>"; };
		70510FB625581E5D000BE887 /* EditBlockWhileViewController.swift */ = {isa = PBXFileReference; lastKnownFileType = sourcecode.swift; path = EditBlockWhileViewController.swift; sourceTree = "<group>"; };
		70510FBD25594B9B000BE887 /* XML.swift */ = {isa = PBXFileReference; fileEncoding = 4; lastKnownFileType = sourcecode.swift; path = XML.swift; sourceTree = "<group>"; };
		70510FCB2559D6C3000BE887 /* XMLParserAlg.swift */ = {isa = PBXFileReference; lastKnownFileType = sourcecode.swift; path = XMLParserAlg.swift; sourceTree = "<group>"; };
		70510FD52559D7A6000BE887 /* CreateXML.swift */ = {isa = PBXFileReference; lastKnownFileType = sourcecode.swift; path = CreateXML.swift; sourceTree = "<group>"; };
		705A01DC254343AF0055C15B /* AddNewBlockController.swift */ = {isa = PBXFileReference; lastKnownFileType = sourcecode.swift; path = AddNewBlockController.swift; sourceTree = "<group>"; };
		705A01E1254347340055C15B /* BlocksConfig.swift */ = {isa = PBXFileReference; lastKnownFileType = sourcecode.swift; path = BlocksConfig.swift; sourceTree = "<group>"; };
		705A01E925447E640055C15B /* Generation.swift */ = {isa = PBXFileReference; lastKnownFileType = sourcecode.swift; path = Generation.swift; sourceTree = "<group>"; };
		705A01F02544A4890055C15B /* ProssesBlock.swift */ = {isa = PBXFileReference; lastKnownFileType = sourcecode.swift; path = ProssesBlock.swift; sourceTree = "<group>"; };
		705A01F72545B3700055C15B /* NewVarsController.swift */ = {isa = PBXFileReference; lastKnownFileType = sourcecode.swift; path = NewVarsController.swift; sourceTree = "<group>"; };
		705A02022545BA050055C15B /* VarType.swift */ = {isa = PBXFileReference; lastKnownFileType = sourcecode.swift; path = VarType.swift; sourceTree = "<group>"; };
		705B17C525422B7A0091D0EA /* BaseBlock.swift */ = {isa = PBXFileReference; lastKnownFileType = sourcecode.swift; path = BaseBlock.swift; sourceTree = "<group>"; };
		705B17CF25422D370091D0EA /* StartBlock.swift */ = {isa = PBXFileReference; lastKnownFileType = sourcecode.swift; path = StartBlock.swift; sourceTree = "<group>"; };
		705B17D6254235000091D0EA /* EndBlock.swift */ = {isa = PBXFileReference; lastKnownFileType = sourcecode.swift; path = EndBlock.swift; sourceTree = "<group>"; };
		705B17DE254235740091D0EA /* GenModelController.swift */ = {isa = PBXFileReference; lastKnownFileType = sourcecode.swift; path = GenModelController.swift; sourceTree = "<group>"; };
		705B17E8254249FC0091D0EA /* SaveFilePanel.swift */ = {isa = PBXFileReference; lastKnownFileType = sourcecode.swift; path = SaveFilePanel.swift; sourceTree = "<group>"; };
		705B17F925424DC60091D0EA /* WorkFileMenu.swift */ = {isa = PBXFileReference; lastKnownFileType = sourcecode.swift; path = WorkFileMenu.swift; sourceTree = "<group>"; };
		70A28A7D255ABAE5003C46F5 /* EditProcedureViewController.swift */ = {isa = PBXFileReference; lastKnownFileType = sourcecode.swift; path = EditProcedureViewController.swift; sourceTree = "<group>"; };
		70A28A87255BDDA1003C46F5 /* ForBlock.swift */ = {isa = PBXFileReference; lastKnownFileType = sourcecode.swift; path = ForBlock.swift; sourceTree = "<group>"; };
		70A28A8E255BE96A003C46F5 /* EditBlcokForViewController.swift */ = {isa = PBXFileReference; lastKnownFileType = sourcecode.swift; path = EditBlcokForViewController.swift; sourceTree = "<group>"; };
		70BE94032559E65B00554B63 /* BranchingCell.swift */ = {isa = PBXFileReference; lastKnownFileType = sourcecode.swift; path = BranchingCell.swift; sourceTree = "<group>"; };
		70D671D3255AA94B007E8A56 /* View.swift */ = {isa = PBXFileReference; lastKnownFileType = sourcecode.swift; path = View.swift; sourceTree = "<group>"; };
		70DB5168257CE92800F17942 /* GenerationPascal.swift */ = {isa = PBXFileReference; lastKnownFileType = sourcecode.swift; path = GenerationPascal.swift; sourceTree = "<group>"; };
		70DB516D257CE99300F17942 /* Analyser.swift */ = {isa = PBXFileReference; lastKnownFileType = sourcecode.swift; path = Analyser.swift; sourceTree = "<group>"; };
		70DB5172257CE9E300F17942 /* AnalyserPascal.swift */ = {isa = PBXFileReference; lastKnownFileType = sourcecode.swift; path = AnalyserPascal.swift; sourceTree = "<group>"; };
		70DB5177257D1B0300F17942 /* GenManager.swift */ = {isa = PBXFileReference; lastKnownFileType = sourcecode.swift; path = GenManager.swift; sourceTree = "<group>"; };
		70E7B6DF251B9301005B8656 /* CodeGenerator.app */ = {isa = PBXFileReference; explicitFileType = wrapper.application; includeInIndex = 0; path = CodeGenerator.app; sourceTree = BUILT_PRODUCTS_DIR; };
		70E7B6E2251B9301005B8656 /* AppDelegate.swift */ = {isa = PBXFileReference; lastKnownFileType = sourcecode.swift; path = AppDelegate.swift; sourceTree = "<group>"; };
		70E7B6E4251B9301005B8656 /* ViewController.swift */ = {isa = PBXFileReference; lastKnownFileType = sourcecode.swift; path = ViewController.swift; sourceTree = "<group>"; };
		70E7B6E6251B9302005B8656 /* Assets.xcassets */ = {isa = PBXFileReference; lastKnownFileType = folder.assetcatalog; path = Assets.xcassets; sourceTree = "<group>"; };
		70E7B6E9251B9302005B8656 /* Base */ = {isa = PBXFileReference; lastKnownFileType = file.storyboard; name = Base; path = Base.lproj/Main.storyboard; sourceTree = "<group>"; };
		70E7B6EB251B9302005B8656 /* Info.plist */ = {isa = PBXFileReference; lastKnownFileType = text.plist.xml; path = Info.plist; sourceTree = "<group>"; };
		70E7B6EC251B9302005B8656 /* CodeGenerator.entitlements */ = {isa = PBXFileReference; lastKnownFileType = text.plist.entitlements; path = CodeGenerator.entitlements; sourceTree = "<group>"; };
		70E7B6F1251B9302005B8656 /* CodeGeneratorTests.xctest */ = {isa = PBXFileReference; explicitFileType = wrapper.cfbundle; includeInIndex = 0; path = CodeGeneratorTests.xctest; sourceTree = BUILT_PRODUCTS_DIR; };
		70E7B6F5251B9302005B8656 /* CodeGeneratorTests.swift */ = {isa = PBXFileReference; lastKnownFileType = sourcecode.swift; path = CodeGeneratorTests.swift; sourceTree = "<group>"; };
		70E7B6F7251B9302005B8656 /* Info.plist */ = {isa = PBXFileReference; lastKnownFileType = text.plist.xml; path = Info.plist; sourceTree = "<group>"; };
		70E7B700251B9302005B8656 /* CodeGeneratorUITests.swift */ = {isa = PBXFileReference; lastKnownFileType = sourcecode.swift; path = CodeGeneratorUITests.swift; sourceTree = "<group>"; };
		70E7B702251B9302005B8656 /* Info.plist */ = {isa = PBXFileReference; lastKnownFileType = text.plist.xml; path = Info.plist; sourceTree = "<group>"; };
		70F566BF254A1F900031F371 /* StreamBlock.swift */ = {isa = PBXFileReference; lastKnownFileType = sourcecode.swift; path = StreamBlock.swift; sourceTree = "<group>"; };
		70F566C4254A28C40031F371 /* CenterTextLayer.swift */ = {isa = PBXFileReference; fileEncoding = 4; lastKnownFileType = sourcecode.swift; path = CenterTextLayer.swift; sourceTree = "<group>"; };
		70F566CF254ACA2A0031F371 /* EditBlockStreamViewController.swift */ = {isa = PBXFileReference; lastKnownFileType = sourcecode.swift; path = EditBlockStreamViewController.swift; sourceTree = "<group>"; };
		70F566D6254AEDD80031F371 /* Line.swift */ = {isa = PBXFileReference; lastKnownFileType = sourcecode.swift; path = Line.swift; sourceTree = "<group>"; };
		70F566E0254C6FFB0031F371 /* ReloadDataDelegate.swift */ = {isa = PBXFileReference; lastKnownFileType = sourcecode.swift; path = ReloadDataDelegate.swift; sourceTree = "<group>"; };
		70F566EB254C85990031F371 /* BlockFactory.swift */ = {isa = PBXFileReference; lastKnownFileType = sourcecode.swift; path = BlockFactory.swift; sourceTree = "<group>"; };
		70F566F2254C89CD0031F371 /* SaveBlock.swift */ = {isa = PBXFileReference; lastKnownFileType = sourcecode.swift; path = SaveBlock.swift; sourceTree = "<group>"; };
		70F566FA254C8DAE0031F371 /* Alert.swift */ = {isa = PBXFileReference; lastKnownFileType = sourcecode.swift; path = Alert.swift; sourceTree = "<group>"; };
		70F567042550B44C0031F371 /* IfBlock.swift */ = {isa = PBXFileReference; lastKnownFileType = sourcecode.swift; path = IfBlock.swift; sourceTree = "<group>"; };
		70F5670B25514C070031F371 /* EditIfBlockController.swift */ = {isa = PBXFileReference; lastKnownFileType = sourcecode.swift; path = EditIfBlockController.swift; sourceTree = "<group>"; };
		70F567122552F5BA0031F371 /* CellDelegate.swift */ = {isa = PBXFileReference; lastKnownFileType = sourcecode.swift; path = CellDelegate.swift; sourceTree = "<group>"; };
/* End PBXFileReference section */

/* Begin PBXFrameworksBuildPhase section */
		70E7B6DC251B9301005B8656 /* Frameworks */ = {
			isa = PBXFrameworksBuildPhase;
			buildActionMask = 2147483647;
			files = (
			);
			runOnlyForDeploymentPostprocessing = 0;
		};
		70E7B6EE251B9302005B8656 /* Frameworks */ = {
			isa = PBXFrameworksBuildPhase;
			buildActionMask = 2147483647;
			files = (
			);
			runOnlyForDeploymentPostprocessing = 0;
		};
/* End PBXFrameworksBuildPhase section */

/* Begin PBXGroup section */
		7047DF7425462122009005ED /* EditBlock */ = {
			isa = PBXGroup;
			children = (
				7047DF7925462413009005ED /* EditBlockProsessViewController.swift */,
				70F566CF254ACA2A0031F371 /* EditBlockStreamViewController.swift */,
				70F5670B25514C070031F371 /* EditIfBlockController.swift */,
				70510FB625581E5D000BE887 /* EditBlockWhileViewController.swift */,
				70BE94032559E65B00554B63 /* BranchingCell.swift */,
				70A28A7D255ABAE5003C46F5 /* EditProcedureViewController.swift */,
				70A28A8E255BE96A003C46F5 /* EditBlcokForViewController.swift */,
			);
			path = EditBlock;
			sourceTree = "<group>";
		};
		70510FCA2559D654000BE887 /* Menu */ = {
			isa = PBXGroup;
			children = (
				705B17F925424DC60091D0EA /* WorkFileMenu.swift */,
				705B17E8254249FC0091D0EA /* SaveFilePanel.swift */,
				70510FBD25594B9B000BE887 /* XML.swift */,
				70510FCB2559D6C3000BE887 /* XMLParserAlg.swift */,
				70510FD52559D7A6000BE887 /* CreateXML.swift */,
			);
			path = Menu;
			sourceTree = "<group>";
		};
		705A01DB254343910055C15B /* AddBlock */ = {
			isa = PBXGroup;
			children = (
				705A01DC254343AF0055C15B /* AddNewBlockController.swift */,
				70F566F2254C89CD0031F371 /* SaveBlock.swift */,
			);
			path = AddBlock;
			sourceTree = "<group>";
		};
		705A01FE2545B3760055C15B /* Vars */ = {
			isa = PBXGroup;
			children = (
				705A01F72545B3700055C15B /* NewVarsController.swift */,
				705A02022545BA050055C15B /* VarType.swift */,
			);
			path = Vars;
			sourceTree = "<group>";
		};
		705B17C125422AA60091D0EA /* Blocks */ = {
			isa = PBXGroup;
			children = (
				705B17C525422B7A0091D0EA /* BaseBlock.swift */,
				705B17CF25422D370091D0EA /* StartBlock.swift */,
				705B17D6254235000091D0EA /* EndBlock.swift */,
				705A01E1254347340055C15B /* BlocksConfig.swift */,
				705A01F02544A4890055C15B /* ProssesBlock.swift */,
				70F566BF254A1F900031F371 /* StreamBlock.swift */,
				70F566D6254AEDD80031F371 /* Line.swift */,
				70F567042550B44C0031F371 /* IfBlock.swift */,
				70F566C4254A28C40031F371 /* CenterTextLayer.swift */,
				70A28A87255BDDA1003C46F5 /* ForBlock.swift */,
			);
			path = Blocks;
			sourceTree = "<group>";
		};
		705B17DD254235480091D0EA /* Classes */ = {
			isa = PBXGroup;
			children = (
				705B17DE254235740091D0EA /* GenModelController.swift */,
				70510FCA2559D654000BE887 /* Menu */,
				70F566F9254C8D880031F371 /* Alert */,
				70F566E7254C82D00031F371 /* Protocols */,
				7047DF7425462122009005ED /* EditBlock */,
				705A01FE2545B3760055C15B /* Vars */,
				705A01DB254343910055C15B /* AddBlock */,
				705B18062543430C0091D0EA /* Main */,
				705B17C125422AA60091D0EA /* Blocks */,
			);
			path = Classes;
			sourceTree = "<group>";
		};
		705B18062543430C0091D0EA /* Main */ = {
			isa = PBXGroup;
			children = (
				70E7B6E4251B9301005B8656 /* ViewController.swift */,
				70D671D3255AA94B007E8A56 /* View.swift */,
				705A01E925447E640055C15B /* Generation.swift */,
				70DB5168257CE92800F17942 /* GenerationPascal.swift */,
				70DB516D257CE99300F17942 /* Analyser.swift */,
				70DB5172257CE9E300F17942 /* AnalyserPascal.swift */,
				70DB5177257D1B0300F17942 /* GenManager.swift */,
			);
			path = Main;
			sourceTree = "<group>";
		};
		70E7B6D6251B9301005B8656 = {
			isa = PBXGroup;
			children = (
				70E7B6E1251B9301005B8656 /* CodeGenerator */,
				70E7B6F4251B9302005B8656 /* CodeGeneratorTests */,
				70E7B6FF251B9302005B8656 /* CodeGeneratorUITests */,
				70E7B6E0251B9301005B8656 /* Products */,
			);
			sourceTree = "<group>";
		};
		70E7B6E0251B9301005B8656 /* Products */ = {
			isa = PBXGroup;
			children = (
				70E7B6DF251B9301005B8656 /* CodeGenerator.app */,
				70E7B6F1251B9302005B8656 /* CodeGeneratorTests.xctest */,
			);
			name = Products;
			sourceTree = "<group>";
		};
		70E7B6E1251B9301005B8656 /* CodeGenerator */ = {
			isa = PBXGroup;
			children = (
				705B17DD254235480091D0EA /* Classes */,
				70E7B6E2251B9301005B8656 /* AppDelegate.swift */,
				70E7B6E6251B9302005B8656 /* Assets.xcassets */,
				70E7B6E8251B9302005B8656 /* Main.storyboard */,
				70E7B6EB251B9302005B8656 /* Info.plist */,
				70E7B6EC251B9302005B8656 /* CodeGenerator.entitlements */,
				700489CE256480C4004967BE /* test_file.btc */,
				700489C325647D62004967BE /* test_file.pas */,
			);
			path = CodeGenerator;
			sourceTree = "<group>";
		};
		70E7B6F4251B9302005B8656 /* CodeGeneratorTests */ = {
			isa = PBXGroup;
			children = (
				70E7B6F5251B9302005B8656 /* CodeGeneratorTests.swift */,
				70E7B6F7251B9302005B8656 /* Info.plist */,
			);
			path = CodeGeneratorTests;
			sourceTree = "<group>";
		};
		70E7B6FF251B9302005B8656 /* CodeGeneratorUITests */ = {
			isa = PBXGroup;
			children = (
				70E7B700251B9302005B8656 /* CodeGeneratorUITests.swift */,
				70E7B702251B9302005B8656 /* Info.plist */,
			);
			path = CodeGeneratorUITests;
			sourceTree = "<group>";
		};
		70F566E7254C82D00031F371 /* Protocols */ = {
			isa = PBXGroup;
			children = (
				70F566E0254C6FFB0031F371 /* ReloadDataDelegate.swift */,
				70F566EB254C85990031F371 /* BlockFactory.swift */,
				70F567122552F5BA0031F371 /* CellDelegate.swift */,
			);
			path = Protocols;
			sourceTree = "<group>";
		};
		70F566F9254C8D880031F371 /* Alert */ = {
			isa = PBXGroup;
			children = (
				70F566FA254C8DAE0031F371 /* Alert.swift */,
			);
			path = Alert;
			sourceTree = "<group>";
		};
/* End PBXGroup section */

/* Begin PBXNativeTarget section */
		70E7B6DE251B9301005B8656 /* CodeGenerator */ = {
			isa = PBXNativeTarget;
			buildConfigurationList = 70E7B705251B9302005B8656 /* Build configuration list for PBXNativeTarget "CodeGenerator" */;
			buildPhases = (
				70E7B6DB251B9301005B8656 /* Sources */,
				70E7B6DC251B9301005B8656 /* Frameworks */,
				70E7B6DD251B9301005B8656 /* Resources */,
			);
			buildRules = (
			);
			dependencies = (
			);
			name = CodeGenerator;
			productName = CodeGenerator;
			productReference = 70E7B6DF251B9301005B8656 /* CodeGenerator.app */;
			productType = "com.apple.product-type.application";
		};
		70E7B6F0251B9302005B8656 /* CodeGeneratorTests */ = {
			isa = PBXNativeTarget;
			buildConfigurationList = 70E7B708251B9302005B8656 /* Build configuration list for PBXNativeTarget "CodeGeneratorTests" */;
			buildPhases = (
				70E7B6ED251B9302005B8656 /* Sources */,
				70E7B6EE251B9302005B8656 /* Frameworks */,
				70E7B6EF251B9302005B8656 /* Resources */,
			);
			buildRules = (
			);
			dependencies = (
				70E7B6F3251B9302005B8656 /* PBXTargetDependency */,
			);
			name = CodeGeneratorTests;
			productName = CodeGeneratorTests;
			productReference = 70E7B6F1251B9302005B8656 /* CodeGeneratorTests.xctest */;
			productType = "com.apple.product-type.bundle.unit-test";
		};
/* End PBXNativeTarget section */

/* Begin PBXProject section */
		70E7B6D7251B9301005B8656 /* Project object */ = {
			isa = PBXProject;
			attributes = {
				LastSwiftUpdateCheck = 1200;
				LastUpgradeCheck = 1210;
				TargetAttributes = {
					70E7B6DE251B9301005B8656 = {
						CreatedOnToolsVersion = 12.0;
					};
					70E7B6F0251B9302005B8656 = {
						CreatedOnToolsVersion = 12.0;
						TestTargetID = 70E7B6DE251B9301005B8656;
					};
				};
			};
			buildConfigurationList = 70E7B6DA251B9301005B8656 /* Build configuration list for PBXProject "CodeGenerator" */;
			compatibilityVersion = "Xcode 9.3";
			developmentRegion = en;
			hasScannedForEncodings = 0;
			knownRegions = (
				en,
				Base,
			);
			mainGroup = 70E7B6D6251B9301005B8656;
			productRefGroup = 70E7B6E0251B9301005B8656 /* Products */;
			projectDirPath = "";
			projectRoot = "";
			targets = (
				70E7B6DE251B9301005B8656 /* CodeGenerator */,
				70E7B6F0251B9302005B8656 /* CodeGeneratorTests */,
			);
		};
/* End PBXProject section */

/* Begin PBXResourcesBuildPhase section */
		70E7B6DD251B9301005B8656 /* Resources */ = {
			isa = PBXResourcesBuildPhase;
			buildActionMask = 2147483647;
			files = (
				700489CB25647E3F004967BE /* test_file.pas in Resources */,
				70E7B6E7251B9302005B8656 /* Assets.xcassets in Resources */,
				70E7B6EA251B9302005B8656 /* Main.storyboard in Resources */,
				700489CF256480C4004967BE /* test_file.btc in Resources */,
			);
			runOnlyForDeploymentPostprocessing = 0;
		};
		70E7B6EF251B9302005B8656 /* Resources */ = {
			isa = PBXResourcesBuildPhase;
			buildActionMask = 2147483647;
			files = (
				700489C825647E1D004967BE /* test_file.pas in Resources */,
				700489D0256480C4004967BE /* test_file.btc in Resources */,
			);
			runOnlyForDeploymentPostprocessing = 0;
		};
/* End PBXResourcesBuildPhase section */

/* Begin PBXSourcesBuildPhase section */
		70E7B6DB251B9301005B8656 /* Sources */ = {
			isa = PBXSourcesBuildPhase;
			buildActionMask = 2147483647;
			files = (
				70D671D4255AA94B007E8A56 /* View.swift in Sources */,
				705B17FA25424DC60091D0EA /* WorkFileMenu.swift in Sources */,
				70A28A8F255BE96A003C46F5 /* EditBlcokForViewController.swift in Sources */,
				70510FB725581E5D000BE887 /* EditBlockWhileViewController.swift in Sources */,
				70DB5173257CE9E300F17942 /* AnalyserPascal.swift in Sources */,
				705A02032545BA050055C15B /* VarType.swift in Sources */,
				70510FD62559D7A6000BE887 /* CreateXML.swift in Sources */,
				70A28A7E255ABAE5003C46F5 /* EditProcedureViewController.swift in Sources */,
				70F566C5254A28C40031F371 /* CenterTextLayer.swift in Sources */,
				705B17D7254235000091D0EA /* EndBlock.swift in Sources */,
				705B17D025422D370091D0EA /* StartBlock.swift in Sources */,
				705A01EA25447E640055C15B /* Generation.swift in Sources */,
				70F566FB254C8DAE0031F371 /* Alert.swift in Sources */,
				705B17E9254249FC0091D0EA /* SaveFilePanel.swift in Sources */,
				70F567052550B44C0031F371 /* IfBlock.swift in Sources */,
				705A01DD254343AF0055C15B /* AddNewBlockController.swift in Sources */,
				70F566D7254AEDD80031F371 /* Line.swift in Sources */,
				705B17C625422B7A0091D0EA /* BaseBlock.swift in Sources */,
				705A01F12544A4890055C15B /* ProssesBlock.swift in Sources */,
				70F567132552F5BA0031F371 /* CellDelegate.swift in Sources */,
				70E7B6E5251B9301005B8656 /* ViewController.swift in Sources */,
				70A28A88255BDDA1003C46F5 /* ForBlock.swift in Sources */,
				705B17DF254235740091D0EA /* GenModelController.swift in Sources */,
				70F566EC254C85990031F371 /* BlockFactory.swift in Sources */,
				70E7B6E3251B9301005B8656 /* AppDelegate.swift in Sources */,
				70F566C0254A1F900031F371 /* StreamBlock.swift in Sources */,
				70510FBE25594B9B000BE887 /* XML.swift in Sources */,
				705A01E2254347340055C15B /* BlocksConfig.swift in Sources */,
				70F566E1254C6FFB0031F371 /* ReloadDataDelegate.swift in Sources */,
				70F566F3254C89CD0031F371 /* SaveBlock.swift in Sources */,
				70BE94042559E65B00554B63 /* BranchingCell.swift in Sources */,
				70DB5169257CE92800F17942 /* GenerationPascal.swift in Sources */,
				70DB5178257D1B0300F17942 /* GenManager.swift in Sources */,
				700489C425647D62004967BE /* test_file.pas in Sources */,
				70510FCC2559D6C3000BE887 /* XMLParserAlg.swift in Sources */,
				70F5670C25514C070031F371 /* EditIfBlockController.swift in Sources */,
				7047DF7B25462413009005ED /* EditBlockProsessViewController.swift in Sources */,
				705A01F82545B3700055C15B /* NewVarsController.swift in Sources */,
				70DB516E257CE99300F17942 /* Analyser.swift in Sources */,
				70F566D0254ACA2A0031F371 /* EditBlockStreamViewController.swift in Sources */,
			);
			runOnlyForDeploymentPostprocessing = 0;
		};
		70E7B6ED251B9302005B8656 /* Sources */ = {
			isa = PBXSourcesBuildPhase;
			buildActionMask = 2147483647;
			files = (
				700489A52563E75B004967BE /* View.swift in Sources */,
				7004899F2563E756004967BE /* ViewController.swift in Sources */,
				7004899C2563E752004967BE /* AddNewBlockController.swift in Sources */,
				705B17C725422B7A0091D0EA /* BaseBlock.swift in Sources */,
				705A01F22544A4890055C15B /* ProssesBlock.swift in Sources */,
				705B17FB25424DC60091D0EA /* WorkFileMenu.swift in Sources */,
				70E7B6F6251B9302005B8656 /* CodeGeneratorTests.swift in Sources */,
				70F566ED254C85990031F371 /* BlockFactory.swift in Sources */,
				705B17D125422D370091D0EA /* StartBlock.swift in Sources */,
				7047DF7C25462413009005ED /* EditBlockProsessViewController.swift in Sources */,
				70DB5174257CE9E300F17942 /* AnalyserPascal.swift in Sources */,
				705B17D8254235000091D0EA /* EndBlock.swift in Sources */,
				705B17EA254249FC0091D0EA /* SaveFilePanel.swift in Sources */,
				700489B12563E773004967BE /* AppDelegate.swift in Sources */,
				70510FCD2559D6C3000BE887 /* XMLParserAlg.swift in Sources */,
				700489C525647D62004967BE /* test_file.pas in Sources */,
				700489AB2563E768004967BE /* StreamBlock.swift in Sources */,
				70F567142552F5BA0031F371 /* CellDelegate.swift in Sources */,
				700489AE2563E76C004967BE /* CenterTextLayer.swift in Sources */,
				70F566F4254C89CD0031F371 /* SaveBlock.swift in Sources */,
				70DB516A257CE92800F17942 /* GenerationPascal.swift in Sources */,
				70DB516F257CE99300F17942 /* Analyser.swift in Sources */,
				70F566D8254AEDD80031F371 /* Line.swift in Sources */,
				70510FBF25594B9B000BE887 /* XML.swift in Sources */,
				70F566FC254C8DAE0031F371 /* Alert.swift in Sources */,
				705B17E0254235740091D0EA /* GenModelController.swift in Sources */,
				70A28A90255BE96A003C46F5 /* EditBlcokForViewController.swift in Sources */,
				70510FB825581E5D000BE887 /* EditBlockWhileViewController.swift in Sources */,
				70F567062550B44C0031F371 /* IfBlock.swift in Sources */,
				700489A22563E759004967BE /* Generation.swift in Sources */,
				70BE94052559E65B00554B63 /* BranchingCell.swift in Sources */,
				70A28A7F255ABAE5003C46F5 /* EditProcedureViewController.swift in Sources */,
				705A01F92545B3700055C15B /* NewVarsController.swift in Sources */,
				70A28A89255BDDA1003C46F5 /* ForBlock.swift in Sources */,
				700489A82563E762004967BE /* BlocksConfig.swift in Sources */,
				705A02042545BA050055C15B /* VarType.swift in Sources */,
				70510FD72559D7A6000BE887 /* CreateXML.swift in Sources */,
				70F566D1254ACA2A0031F371 /* EditBlockStreamViewController.swift in Sources */,
				70DB5179257D1B0300F17942 /* GenManager.swift in Sources */,
				70F5670D25514C070031F371 /* EditIfBlockController.swift in Sources */,
				70F566E2254C6FFB0031F371 /* ReloadDataDelegate.swift in Sources */,
			);
			runOnlyForDeploymentPostprocessing = 0;
		};
/* End PBXSourcesBuildPhase section */

/* Begin PBXTargetDependency section */
		70E7B6F3251B9302005B8656 /* PBXTargetDependency */ = {
			isa = PBXTargetDependency;
			target = 70E7B6DE251B9301005B8656 /* CodeGenerator */;
			targetProxy = 70E7B6F2251B9302005B8656 /* PBXContainerItemProxy */;
		};
/* End PBXTargetDependency section */

/* Begin PBXVariantGroup section */
		70E7B6E8251B9302005B8656 /* Main.storyboard */ = {
			isa = PBXVariantGroup;
			children = (
				70E7B6E9251B9302005B8656 /* Base */,
			);
			name = Main.storyboard;
			sourceTree = "<group>";
		};
/* End PBXVariantGroup section */

/* Begin XCBuildConfiguration section */
		70E7B703251B9302005B8656 /* Debug */ = {
			isa = XCBuildConfiguration;
			buildSettings = {
				ALWAYS_SEARCH_USER_PATHS = NO;
				CLANG_ANALYZER_NONNULL = YES;
				CLANG_ANALYZER_NUMBER_OBJECT_CONVERSION = YES_AGGRESSIVE;
				CLANG_CXX_LANGUAGE_STANDARD = "gnu++14";
				CLANG_CXX_LIBRARY = "libc++";
				CLANG_ENABLE_MODULES = YES;
				CLANG_ENABLE_OBJC_ARC = YES;
				CLANG_ENABLE_OBJC_WEAK = YES;
				CLANG_WARN_BLOCK_CAPTURE_AUTORELEASING = YES;
				CLANG_WARN_BOOL_CONVERSION = YES;
				CLANG_WARN_COMMA = YES;
				CLANG_WARN_CONSTANT_CONVERSION = YES;
				CLANG_WARN_DEPRECATED_OBJC_IMPLEMENTATIONS = YES;
				CLANG_WARN_DIRECT_OBJC_ISA_USAGE = YES_ERROR;
				CLANG_WARN_DOCUMENTATION_COMMENTS = YES;
				CLANG_WARN_EMPTY_BODY = YES;
				CLANG_WARN_ENUM_CONVERSION = YES;
				CLANG_WARN_INFINITE_RECURSION = YES;
				CLANG_WARN_INT_CONVERSION = YES;
				CLANG_WARN_NON_LITERAL_NULL_CONVERSION = YES;
				CLANG_WARN_OBJC_IMPLICIT_RETAIN_SELF = YES;
				CLANG_WARN_OBJC_LITERAL_CONVERSION = YES;
				CLANG_WARN_OBJC_ROOT_CLASS = YES_ERROR;
				CLANG_WARN_QUOTED_INCLUDE_IN_FRAMEWORK_HEADER = YES;
				CLANG_WARN_RANGE_LOOP_ANALYSIS = YES;
				CLANG_WARN_STRICT_PROTOTYPES = YES;
				CLANG_WARN_SUSPICIOUS_MOVE = YES;
				CLANG_WARN_UNGUARDED_AVAILABILITY = YES_AGGRESSIVE;
				CLANG_WARN_UNREACHABLE_CODE = YES;
				CLANG_WARN__DUPLICATE_METHOD_MATCH = YES;
				COPY_PHASE_STRIP = NO;
				DEBUG_INFORMATION_FORMAT = dwarf;
				ENABLE_STRICT_OBJC_MSGSEND = YES;
				ENABLE_TESTABILITY = YES;
				GCC_C_LANGUAGE_STANDARD = gnu11;
				GCC_DYNAMIC_NO_PIC = NO;
				GCC_NO_COMMON_BLOCKS = YES;
				GCC_OPTIMIZATION_LEVEL = 0;
				GCC_PREPROCESSOR_DEFINITIONS = (
					"DEBUG=1",
					"$(inherited)",
				);
				GCC_WARN_64_TO_32_BIT_CONVERSION = YES;
				GCC_WARN_ABOUT_RETURN_TYPE = YES_ERROR;
				GCC_WARN_UNDECLARED_SELECTOR = YES;
				GCC_WARN_UNINITIALIZED_AUTOS = YES_AGGRESSIVE;
				GCC_WARN_UNUSED_FUNCTION = YES;
				GCC_WARN_UNUSED_VARIABLE = YES;
				MACOSX_DEPLOYMENT_TARGET = 10.15;
				MTL_ENABLE_DEBUG_INFO = INCLUDE_SOURCE;
				MTL_FAST_MATH = YES;
				ONLY_ACTIVE_ARCH = YES;
				SDKROOT = macosx;
				SWIFT_ACTIVE_COMPILATION_CONDITIONS = DEBUG;
				SWIFT_OPTIMIZATION_LEVEL = "-Onone";
			};
			name = Debug;
		};
		70E7B704251B9302005B8656 /* Release */ = {
			isa = XCBuildConfiguration;
			buildSettings = {
				ALWAYS_SEARCH_USER_PATHS = NO;
				CLANG_ANALYZER_NONNULL = YES;
				CLANG_ANALYZER_NUMBER_OBJECT_CONVERSION = YES_AGGRESSIVE;
				CLANG_CXX_LANGUAGE_STANDARD = "gnu++14";
				CLANG_CXX_LIBRARY = "libc++";
				CLANG_ENABLE_MODULES = YES;
				CLANG_ENABLE_OBJC_ARC = YES;
				CLANG_ENABLE_OBJC_WEAK = YES;
				CLANG_WARN_BLOCK_CAPTURE_AUTORELEASING = YES;
				CLANG_WARN_BOOL_CONVERSION = YES;
				CLANG_WARN_COMMA = YES;
				CLANG_WARN_CONSTANT_CONVERSION = YES;
				CLANG_WARN_DEPRECATED_OBJC_IMPLEMENTATIONS = YES;
				CLANG_WARN_DIRECT_OBJC_ISA_USAGE = YES_ERROR;
				CLANG_WARN_DOCUMENTATION_COMMENTS = YES;
				CLANG_WARN_EMPTY_BODY = YES;
				CLANG_WARN_ENUM_CONVERSION = YES;
				CLANG_WARN_INFINITE_RECURSION = YES;
				CLANG_WARN_INT_CONVERSION = YES;
				CLANG_WARN_NON_LITERAL_NULL_CONVERSION = YES;
				CLANG_WARN_OBJC_IMPLICIT_RETAIN_SELF = YES;
				CLANG_WARN_OBJC_LITERAL_CONVERSION = YES;
				CLANG_WARN_OBJC_ROOT_CLASS = YES_ERROR;
				CLANG_WARN_QUOTED_INCLUDE_IN_FRAMEWORK_HEADER = YES;
				CLANG_WARN_RANGE_LOOP_ANALYSIS = YES;
				CLANG_WARN_STRICT_PROTOTYPES = YES;
				CLANG_WARN_SUSPICIOUS_MOVE = YES;
				CLANG_WARN_UNGUARDED_AVAILABILITY = YES_AGGRESSIVE;
				CLANG_WARN_UNREACHABLE_CODE = YES;
				CLANG_WARN__DUPLICATE_METHOD_MATCH = YES;
				COPY_PHASE_STRIP = NO;
				DEBUG_INFORMATION_FORMAT = "dwarf-with-dsym";
				ENABLE_NS_ASSERTIONS = NO;
				ENABLE_STRICT_OBJC_MSGSEND = YES;
				GCC_C_LANGUAGE_STANDARD = gnu11;
				GCC_NO_COMMON_BLOCKS = YES;
				GCC_WARN_64_TO_32_BIT_CONVERSION = YES;
				GCC_WARN_ABOUT_RETURN_TYPE = YES_ERROR;
				GCC_WARN_UNDECLARED_SELECTOR = YES;
				GCC_WARN_UNINITIALIZED_AUTOS = YES_AGGRESSIVE;
				GCC_WARN_UNUSED_FUNCTION = YES;
				GCC_WARN_UNUSED_VARIABLE = YES;
				MACOSX_DEPLOYMENT_TARGET = 10.15;
				MTL_ENABLE_DEBUG_INFO = NO;
				MTL_FAST_MATH = YES;
				SDKROOT = macosx;
				SWIFT_COMPILATION_MODE = wholemodule;
				SWIFT_OPTIMIZATION_LEVEL = "-O";
			};
			name = Release;
		};
		70E7B706251B9302005B8656 /* Debug */ = {
			isa = XCBuildConfiguration;
			buildSettings = {
				ASSETCATALOG_COMPILER_APPICON_NAME = AppIcon;
				ASSETCATALOG_COMPILER_GLOBAL_ACCENT_COLOR_NAME = AccentColor;
				CODE_SIGN_ENTITLEMENTS = CodeGenerator/CodeGenerator.entitlements;
				CODE_SIGN_IDENTITY = "-";
				CODE_SIGN_STYLE = Automatic;
				COMBINE_HIDPI_IMAGES = YES;
				DEVELOPMENT_TEAM = 58T4L2QKV7;
				ENABLE_HARDENED_RUNTIME = YES;
				INFOPLIST_FILE = CodeGenerator/Info.plist;
				LD_RUNPATH_SEARCH_PATHS = (
					"$(inherited)",
					"@executable_path/../Frameworks",
				);
				PRODUCT_BUNDLE_IDENTIFIER = dm.codegen.com.CodeGenerator;
				PRODUCT_NAME = "$(TARGET_NAME)";
				SWIFT_VERSION = 5.0;
			};
			name = Debug;
		};
		70E7B707251B9302005B8656 /* Release */ = {
			isa = XCBuildConfiguration;
			buildSettings = {
				ASSETCATALOG_COMPILER_APPICON_NAME = AppIcon;
				ASSETCATALOG_COMPILER_GLOBAL_ACCENT_COLOR_NAME = AccentColor;
				CODE_SIGN_ENTITLEMENTS = CodeGenerator/CodeGenerator.entitlements;
				CODE_SIGN_IDENTITY = "-";
				CODE_SIGN_STYLE = Automatic;
				COMBINE_HIDPI_IMAGES = YES;
				DEVELOPMENT_TEAM = 58T4L2QKV7;
				ENABLE_HARDENED_RUNTIME = YES;
				INFOPLIST_FILE = CodeGenerator/Info.plist;
				LD_RUNPATH_SEARCH_PATHS = (
					"$(inherited)",
					"@executable_path/../Frameworks",
				);
				PRODUCT_BUNDLE_IDENTIFIER = dm.codegen.com.CodeGenerator;
				PRODUCT_NAME = "$(TARGET_NAME)";
				SWIFT_VERSION = 5.0;
			};
			name = Release;
		};
		70E7B709251B9302005B8656 /* Debug */ = {
			isa = XCBuildConfiguration;
			buildSettings = {
				ALWAYS_EMBED_SWIFT_STANDARD_LIBRARIES = YES;
				BUNDLE_LOADER = "$(TEST_HOST)";
				CODE_SIGN_STYLE = Automatic;
				COMBINE_HIDPI_IMAGES = YES;
				DEVELOPMENT_TEAM = 58T4L2QKV7;
				INFOPLIST_FILE = CodeGeneratorTests/Info.plist;
				LD_RUNPATH_SEARCH_PATHS = (
					"$(inherited)",
					"@executable_path/../Frameworks",
					"@loader_path/../Frameworks",
				);
				MACOSX_DEPLOYMENT_TARGET = 10.15;
				PRODUCT_BUNDLE_IDENTIFIER = dm.codegen.com.CodeGeneratorTests;
				PRODUCT_NAME = "$(TARGET_NAME)";
				SWIFT_VERSION = 5.0;
				TEST_HOST = "$(BUILT_PRODUCTS_DIR)/CodeGenerator.app/Contents/MacOS/CodeGenerator";
			};
			name = Debug;
		};
		70E7B70A251B9302005B8656 /* Release */ = {
			isa = XCBuildConfiguration;
			buildSettings = {
				ALWAYS_EMBED_SWIFT_STANDARD_LIBRARIES = YES;
				BUNDLE_LOADER = "$(TEST_HOST)";
				CODE_SIGN_STYLE = Automatic;
				COMBINE_HIDPI_IMAGES = YES;
				DEVELOPMENT_TEAM = 58T4L2QKV7;
				INFOPLIST_FILE = CodeGeneratorTests/Info.plist;
				LD_RUNPATH_SEARCH_PATHS = (
					"$(inherited)",
					"@executable_path/../Frameworks",
					"@loader_path/../Frameworks",
				);
				MACOSX_DEPLOYMENT_TARGET = 10.15;
				PRODUCT_BUNDLE_IDENTIFIER = dm.codegen.com.CodeGeneratorTests;
				PRODUCT_NAME = "$(TARGET_NAME)";
				SWIFT_VERSION = 5.0;
				TEST_HOST = "$(BUILT_PRODUCTS_DIR)/CodeGenerator.app/Contents/MacOS/CodeGenerator";
			};
			name = Release;
		};
/* End XCBuildConfiguration section */

/* Begin XCConfigurationList section */
		70E7B6DA251B9301005B8656 /* Build configuration list for PBXProject "CodeGenerator" */ = {
			isa = XCConfigurationList;
			buildConfigurations = (
				70E7B703251B9302005B8656 /* Debug */,
				70E7B704251B9302005B8656 /* Release */,
			);
			defaultConfigurationIsVisible = 0;
			defaultConfigurationName = Release;
		};
		70E7B705251B9302005B8656 /* Build configuration list for PBXNativeTarget "CodeGenerator" */ = {
			isa = XCConfigurationList;
			buildConfigurations = (
				70E7B706251B9302005B8656 /* Debug */,
				70E7B707251B9302005B8656 /* Release */,
			);
			defaultConfigurationIsVisible = 0;
			defaultConfigurationName = Release;
		};
		70E7B708251B9302005B8656 /* Build configuration list for PBXNativeTarget "CodeGeneratorTests" */ = {
			isa = XCConfigurationList;
			buildConfigurations = (
				70E7B709251B9302005B8656 /* Debug */,
				70E7B70A251B9302005B8656 /* Release */,
			);
			defaultConfigurationIsVisible = 0;
			defaultConfigurationName = Release;
		};
/* End XCConfigurationList section */
	};
	rootObject = 70E7B6D7251B9301005B8656 /* Project object */;
}
